
Microsoft Visual Studio Solution File, Format Version 12.00
# Visual Studio Version 16
VisualStudioVersion = 16.0.30621.155
MinimumVisualStudioVersion = 10.0.40219.1
Project("{FAE04EC0-301F-11D3-BF4B-00C04F79EFBC}") = "Api_Teste", "Api_Teste\Api_Teste.csproj", "{71850E7E-AE90-4059-9039-BAEC3E4CA4CC}"
EndProject
Global
	GlobalSection(SolutionConfigurationPlatforms) = preSolution
		Debug|Any CPU = Debug|Any CPU
		Release|Any CPU = Release|Any CPU
	EndGlobalSection
	GlobalSection(ProjectConfigurationPlatforms) = postSolution
		{71850E7E-AE90-4059-9039-BAEC3E4CA4CC}.Debug|Any CPU.ActiveCfg = Debug|Any CPU
		{71850E7E-AE90-4059-9039-BAEC3E4CA4CC}.Debug|Any CPU.Build.0 = Debug|Any CPU
		{71850E7E-AE90-4059-9039-BAEC3E4CA4CC}.Release|Any CPU.ActiveCfg = Release|Any CPU
		{71850E7E-AE90-4059-9039-BAEC3E4CA4CC}.Release|Any CPU.Build.0 = Release|Any CPU
	EndGlobalSection
	GlobalSection(SolutionProperties) = preSolution
		HideSolutionNode = FALSE
	EndGlobalSection
	GlobalSection(ExtensibilityGlobals) = postSolution
		SolutionGuid = {0AD778B6-74B2-418F-BC29-B9E7A52CA602}
	EndGlobalSection
EndGlobal
