
Microsoft Visual Studio Solution File, Format Version 12.00
# Visual Studio Version 16
VisualStudioVersion = 16.0.29926.136
MinimumVisualStudioVersion = 15.0.26124.0
Project("{9A19103F-16F7-4668-BE54-9A1E7A4F7556}") = "Luby.TimeManager.API", "Luby.TimeManager.API\Luby.TimeManager.API.csproj", "{A560A282-1E7B-4288-AE49-D5A7F732C840}"
EndProject
Project("{9A19103F-16F7-4668-BE54-9A1E7A4F7556}") = "Luby.TimeManager.API.Tests", "Luby.TimeManager.API.Tests\Luby.TimeManager.API.Tests.csproj", "{5FC53518-17BE-40A5-BB18-21EEE9F327D8}"
EndProject
Project("{9A19103F-16F7-4668-BE54-9A1E7A4F7556}") = "Application.IoC", "Application.IoC\Application.IoC.csproj", "{512C879D-79BB-4669-A751-F77DAE692B36}"
EndProject
Project("{9A19103F-16F7-4668-BE54-9A1E7A4F7556}") = "Infrastructure.IoC", "Infrastructure.Ioc\Infrastructure.IoC.csproj", "{B9EA68D1-91BD-4FA2-9822-A3F9D8933755}"
EndProject
Project("{9A19103F-16F7-4668-BE54-9A1E7A4F7556}") = "Infrastructure.Interfaces", "Infrastructure.Interfaces\Infrastructure.Interfaces.csproj", "{4231C8C2-8638-43C4-96A8-4646EF7660E9}"
EndProject
Project("{9A19103F-16F7-4668-BE54-9A1E7A4F7556}") = "Domain", "Domain\Domain.csproj", "{69B11A12-DBBB-4860-AFBB-DC499CDD13FD}"
EndProject
Project("{9A19103F-16F7-4668-BE54-9A1E7A4F7556}") = "Application.Interfaces", "Application.Interfaces\Application.Interfaces.csproj", "{0B0B767E-3D1A-4387-97B7-52FDE803B762}"
EndProject
Project("{9A19103F-16F7-4668-BE54-9A1E7A4F7556}") = "Application", "Application\Application.csproj", "{118D5456-2ACA-4F26-B5CF-A600779EF5C5}"
EndProject
Project("{9A19103F-16F7-4668-BE54-9A1E7A4F7556}") = "Infrastructure", "Infrastructure\Infrastructure.csproj", "{784634A5-FB61-468D-8093-78285579B5DF}"
EndProject
Project("{9A19103F-16F7-4668-BE54-9A1E7A4F7556}") = "UnitTest.Integration.Repositories", "UnitTest.Integration.Repositories\UnitTest.Integration.Repositories.csproj", "{86A9674C-9316-466E-AA60-41D1B1CCBC31}"
EndProject
Project("{9A19103F-16F7-4668-BE54-9A1E7A4F7556}") = "DTO", "DTO\DTO.csproj", "{89ACD2CD-7306-4937-8D5F-7D7589B8DBB7}"
EndProject
Global
	GlobalSection(SolutionConfigurationPlatforms) = preSolution
		Debug|Any CPU = Debug|Any CPU
		Debug|x64 = Debug|x64
		Debug|x86 = Debug|x86
		Release|Any CPU = Release|Any CPU
		Release|x64 = Release|x64
		Release|x86 = Release|x86
	EndGlobalSection
	GlobalSection(ProjectConfigurationPlatforms) = postSolution
		{A560A282-1E7B-4288-AE49-D5A7F732C840}.Debug|Any CPU.ActiveCfg = Debug|Any CPU
		{A560A282-1E7B-4288-AE49-D5A7F732C840}.Debug|Any CPU.Build.0 = Debug|Any CPU
		{A560A282-1E7B-4288-AE49-D5A7F732C840}.Debug|x64.ActiveCfg = Debug|Any CPU
		{A560A282-1E7B-4288-AE49-D5A7F732C840}.Debug|x64.Build.0 = Debug|Any CPU
		{A560A282-1E7B-4288-AE49-D5A7F732C840}.Debug|x86.ActiveCfg = Debug|Any CPU
		{A560A282-1E7B-4288-AE49-D5A7F732C840}.Debug|x86.Build.0 = Debug|Any CPU
		{A560A282-1E7B-4288-AE49-D5A7F732C840}.Release|Any CPU.ActiveCfg = Release|Any CPU
		{A560A282-1E7B-4288-AE49-D5A7F732C840}.Release|Any CPU.Build.0 = Release|Any CPU
		{A560A282-1E7B-4288-AE49-D5A7F732C840}.Release|x64.ActiveCfg = Release|Any CPU
		{A560A282-1E7B-4288-AE49-D5A7F732C840}.Release|x64.Build.0 = Release|Any CPU
		{A560A282-1E7B-4288-AE49-D5A7F732C840}.Release|x86.ActiveCfg = Release|Any CPU
		{A560A282-1E7B-4288-AE49-D5A7F732C840}.Release|x86.Build.0 = Release|Any CPU
		{5FC53518-17BE-40A5-BB18-21EEE9F327D8}.Debug|Any CPU.ActiveCfg = Debug|Any CPU
		{5FC53518-17BE-40A5-BB18-21EEE9F327D8}.Debug|Any CPU.Build.0 = Debug|Any CPU
		{5FC53518-17BE-40A5-BB18-21EEE9F327D8}.Debug|x64.ActiveCfg = Debug|Any CPU
		{5FC53518-17BE-40A5-BB18-21EEE9F327D8}.Debug|x64.Build.0 = Debug|Any CPU
		{5FC53518-17BE-40A5-BB18-21EEE9F327D8}.Debug|x86.ActiveCfg = Debug|Any CPU
		{5FC53518-17BE-40A5-BB18-21EEE9F327D8}.Debug|x86.Build.0 = Debug|Any CPU
		{5FC53518-17BE-40A5-BB18-21EEE9F327D8}.Release|Any CPU.ActiveCfg = Release|Any CPU
		{5FC53518-17BE-40A5-BB18-21EEE9F327D8}.Release|Any CPU.Build.0 = Release|Any CPU
		{5FC53518-17BE-40A5-BB18-21EEE9F327D8}.Release|x64.ActiveCfg = Release|Any CPU
		{5FC53518-17BE-40A5-BB18-21EEE9F327D8}.Release|x64.Build.0 = Release|Any CPU
		{5FC53518-17BE-40A5-BB18-21EEE9F327D8}.Release|x86.ActiveCfg = Release|Any CPU
		{5FC53518-17BE-40A5-BB18-21EEE9F327D8}.Release|x86.Build.0 = Release|Any CPU
		{512C879D-79BB-4669-A751-F77DAE692B36}.Debug|Any CPU.ActiveCfg = Debug|Any CPU
		{512C879D-79BB-4669-A751-F77DAE692B36}.Debug|Any CPU.Build.0 = Debug|Any CPU
		{512C879D-79BB-4669-A751-F77DAE692B36}.Debug|x64.ActiveCfg = Debug|Any CPU
		{512C879D-79BB-4669-A751-F77DAE692B36}.Debug|x64.Build.0 = Debug|Any CPU
		{512C879D-79BB-4669-A751-F77DAE692B36}.Debug|x86.ActiveCfg = Debug|Any CPU
		{512C879D-79BB-4669-A751-F77DAE692B36}.Debug|x86.Build.0 = Debug|Any CPU
		{512C879D-79BB-4669-A751-F77DAE692B36}.Release|Any CPU.ActiveCfg = Release|Any CPU
		{512C879D-79BB-4669-A751-F77DAE692B36}.Release|Any CPU.Build.0 = Release|Any CPU
		{512C879D-79BB-4669-A751-F77DAE692B36}.Release|x64.ActiveCfg = Release|Any CPU
		{512C879D-79BB-4669-A751-F77DAE692B36}.Release|x64.Build.0 = Release|Any CPU
		{512C879D-79BB-4669-A751-F77DAE692B36}.Release|x86.ActiveCfg = Release|Any CPU
		{512C879D-79BB-4669-A751-F77DAE692B36}.Release|x86.Build.0 = Release|Any CPU
		{B9EA68D1-91BD-4FA2-9822-A3F9D8933755}.Debug|Any CPU.ActiveCfg = Debug|Any CPU
		{B9EA68D1-91BD-4FA2-9822-A3F9D8933755}.Debug|Any CPU.Build.0 = Debug|Any CPU
		{B9EA68D1-91BD-4FA2-9822-A3F9D8933755}.Debug|x64.ActiveCfg = Debug|Any CPU
		{B9EA68D1-91BD-4FA2-9822-A3F9D8933755}.Debug|x64.Build.0 = Debug|Any CPU
		{B9EA68D1-91BD-4FA2-9822-A3F9D8933755}.Debug|x86.ActiveCfg = Debug|Any CPU
		{B9EA68D1-91BD-4FA2-9822-A3F9D8933755}.Debug|x86.Build.0 = Debug|Any CPU
		{B9EA68D1-91BD-4FA2-9822-A3F9D8933755}.Release|Any CPU.ActiveCfg = Release|Any CPU
		{B9EA68D1-91BD-4FA2-9822-A3F9D8933755}.Release|Any CPU.Build.0 = Release|Any CPU
		{B9EA68D1-91BD-4FA2-9822-A3F9D8933755}.Release|x64.ActiveCfg = Release|Any CPU
		{B9EA68D1-91BD-4FA2-9822-A3F9D8933755}.Release|x64.Build.0 = Release|Any CPU
		{B9EA68D1-91BD-4FA2-9822-A3F9D8933755}.Release|x86.ActiveCfg = Release|Any CPU
		{B9EA68D1-91BD-4FA2-9822-A3F9D8933755}.Release|x86.Build.0 = Release|Any CPU
		{4231C8C2-8638-43C4-96A8-4646EF7660E9}.Debug|Any CPU.ActiveCfg = Debug|Any CPU
		{4231C8C2-8638-43C4-96A8-4646EF7660E9}.Debug|Any CPU.Build.0 = Debug|Any CPU
		{4231C8C2-8638-43C4-96A8-4646EF7660E9}.Debug|x64.ActiveCfg = Debug|Any CPU
		{4231C8C2-8638-43C4-96A8-4646EF7660E9}.Debug|x64.Build.0 = Debug|Any CPU
		{4231C8C2-8638-43C4-96A8-4646EF7660E9}.Debug|x86.ActiveCfg = Debug|Any CPU
		{4231C8C2-8638-43C4-96A8-4646EF7660E9}.Debug|x86.Build.0 = Debug|Any CPU
		{4231C8C2-8638-43C4-96A8-4646EF7660E9}.Release|Any CPU.ActiveCfg = Release|Any CPU
		{4231C8C2-8638-43C4-96A8-4646EF7660E9}.Release|Any CPU.Build.0 = Release|Any CPU
		{4231C8C2-8638-43C4-96A8-4646EF7660E9}.Release|x64.ActiveCfg = Release|Any CPU
		{4231C8C2-8638-43C4-96A8-4646EF7660E9}.Release|x64.Build.0 = Release|Any CPU
		{4231C8C2-8638-43C4-96A8-4646EF7660E9}.Release|x86.ActiveCfg = Release|Any CPU
		{4231C8C2-8638-43C4-96A8-4646EF7660E9}.Release|x86.Build.0 = Release|Any CPU
		{69B11A12-DBBB-4860-AFBB-DC499CDD13FD}.Debug|Any CPU.ActiveCfg = Debug|Any CPU
		{69B11A12-DBBB-4860-AFBB-DC499CDD13FD}.Debug|Any CPU.Build.0 = Debug|Any CPU
		{69B11A12-DBBB-4860-AFBB-DC499CDD13FD}.Debug|x64.ActiveCfg = Debug|Any CPU
		{69B11A12-DBBB-4860-AFBB-DC499CDD13FD}.Debug|x64.Build.0 = Debug|Any CPU
		{69B11A12-DBBB-4860-AFBB-DC499CDD13FD}.Debug|x86.ActiveCfg = Debug|Any CPU
		{69B11A12-DBBB-4860-AFBB-DC499CDD13FD}.Debug|x86.Build.0 = Debug|Any CPU
		{69B11A12-DBBB-4860-AFBB-DC499CDD13FD}.Release|Any CPU.ActiveCfg = Release|Any CPU
		{69B11A12-DBBB-4860-AFBB-DC499CDD13FD}.Release|Any CPU.Build.0 = Release|Any CPU
		{69B11A12-DBBB-4860-AFBB-DC499CDD13FD}.Release|x64.ActiveCfg = Release|Any CPU
		{69B11A12-DBBB-4860-AFBB-DC499CDD13FD}.Release|x64.Build.0 = Release|Any CPU
		{69B11A12-DBBB-4860-AFBB-DC499CDD13FD}.Release|x86.ActiveCfg = Release|Any CPU
		{69B11A12-DBBB-4860-AFBB-DC499CDD13FD}.Release|x86.Build.0 = Release|Any CPU
		{0B0B767E-3D1A-4387-97B7-52FDE803B762}.Debug|Any CPU.ActiveCfg = Debug|Any CPU
		{0B0B767E-3D1A-4387-97B7-52FDE803B762}.Debug|Any CPU.Build.0 = Debug|Any CPU
		{0B0B767E-3D1A-4387-97B7-52FDE803B762}.Debug|x64.ActiveCfg = Debug|Any CPU
		{0B0B767E-3D1A-4387-97B7-52FDE803B762}.Debug|x64.Build.0 = Debug|Any CPU
		{0B0B767E-3D1A-4387-97B7-52FDE803B762}.Debug|x86.ActiveCfg = Debug|Any CPU
		{0B0B767E-3D1A-4387-97B7-52FDE803B762}.Debug|x86.Build.0 = Debug|Any CPU
		{0B0B767E-3D1A-4387-97B7-52FDE803B762}.Release|Any CPU.ActiveCfg = Release|Any CPU
		{0B0B767E-3D1A-4387-97B7-52FDE803B762}.Release|Any CPU.Build.0 = Release|Any CPU
		{0B0B767E-3D1A-4387-97B7-52FDE803B762}.Release|x64.ActiveCfg = Release|Any CPU
		{0B0B767E-3D1A-4387-97B7-52FDE803B762}.Release|x64.Build.0 = Release|Any CPU
		{0B0B767E-3D1A-4387-97B7-52FDE803B762}.Release|x86.ActiveCfg = Release|Any CPU
		{0B0B767E-3D1A-4387-97B7-52FDE803B762}.Release|x86.Build.0 = Release|Any CPU
		{118D5456-2ACA-4F26-B5CF-A600779EF5C5}.Debug|Any CPU.ActiveCfg = Debug|Any CPU
		{118D5456-2ACA-4F26-B5CF-A600779EF5C5}.Debug|Any CPU.Build.0 = Debug|Any CPU
		{118D5456-2ACA-4F26-B5CF-A600779EF5C5}.Debug|x64.ActiveCfg = Debug|Any CPU
		{118D5456-2ACA-4F26-B5CF-A600779EF5C5}.Debug|x64.Build.0 = Debug|Any CPU
		{118D5456-2ACA-4F26-B5CF-A600779EF5C5}.Debug|x86.ActiveCfg = Debug|Any CPU
		{118D5456-2ACA-4F26-B5CF-A600779EF5C5}.Debug|x86.Build.0 = Debug|Any CPU
		{118D5456-2ACA-4F26-B5CF-A600779EF5C5}.Release|Any CPU.ActiveCfg = Release|Any CPU
		{118D5456-2ACA-4F26-B5CF-A600779EF5C5}.Release|Any CPU.Build.0 = Release|Any CPU
		{118D5456-2ACA-4F26-B5CF-A600779EF5C5}.Release|x64.ActiveCfg = Release|Any CPU
		{118D5456-2ACA-4F26-B5CF-A600779EF5C5}.Release|x64.Build.0 = Release|Any CPU
		{118D5456-2ACA-4F26-B5CF-A600779EF5C5}.Release|x86.ActiveCfg = Release|Any CPU
		{118D5456-2ACA-4F26-B5CF-A600779EF5C5}.Release|x86.Build.0 = Release|Any CPU
		{784634A5-FB61-468D-8093-78285579B5DF}.Debug|Any CPU.ActiveCfg = Debug|Any CPU
		{784634A5-FB61-468D-8093-78285579B5DF}.Debug|Any CPU.Build.0 = Debug|Any CPU
		{784634A5-FB61-468D-8093-78285579B5DF}.Debug|x64.ActiveCfg = Debug|Any CPU
		{784634A5-FB61-468D-8093-78285579B5DF}.Debug|x64.Build.0 = Debug|Any CPU
		{784634A5-FB61-468D-8093-78285579B5DF}.Debug|x86.ActiveCfg = Debug|Any CPU
		{784634A5-FB61-468D-8093-78285579B5DF}.Debug|x86.Build.0 = Debug|Any CPU
		{784634A5-FB61-468D-8093-78285579B5DF}.Release|Any CPU.ActiveCfg = Release|Any CPU
		{784634A5-FB61-468D-8093-78285579B5DF}.Release|Any CPU.Build.0 = Release|Any CPU
		{784634A5-FB61-468D-8093-78285579B5DF}.Release|x64.ActiveCfg = Release|Any CPU
		{784634A5-FB61-468D-8093-78285579B5DF}.Release|x64.Build.0 = Release|Any CPU
		{784634A5-FB61-468D-8093-78285579B5DF}.Release|x86.ActiveCfg = Release|Any CPU
		{784634A5-FB61-468D-8093-78285579B5DF}.Release|x86.Build.0 = Release|Any CPU
		{86A9674C-9316-466E-AA60-41D1B1CCBC31}.Debug|Any CPU.ActiveCfg = Debug|Any CPU
		{86A9674C-9316-466E-AA60-41D1B1CCBC31}.Debug|Any CPU.Build.0 = Debug|Any CPU
		{86A9674C-9316-466E-AA60-41D1B1CCBC31}.Debug|x64.ActiveCfg = Debug|Any CPU
		{86A9674C-9316-466E-AA60-41D1B1CCBC31}.Debug|x64.Build.0 = Debug|Any CPU
		{86A9674C-9316-466E-AA60-41D1B1CCBC31}.Debug|x86.ActiveCfg = Debug|Any CPU
		{86A9674C-9316-466E-AA60-41D1B1CCBC31}.Debug|x86.Build.0 = Debug|Any CPU
		{86A9674C-9316-466E-AA60-41D1B1CCBC31}.Release|Any CPU.ActiveCfg = Release|Any CPU
		{86A9674C-9316-466E-AA60-41D1B1CCBC31}.Release|Any CPU.Build.0 = Release|Any CPU
		{86A9674C-9316-466E-AA60-41D1B1CCBC31}.Release|x64.ActiveCfg = Release|Any CPU
		{86A9674C-9316-466E-AA60-41D1B1CCBC31}.Release|x64.Build.0 = Release|Any CPU
		{86A9674C-9316-466E-AA60-41D1B1CCBC31}.Release|x86.ActiveCfg = Release|Any CPU
		{86A9674C-9316-466E-AA60-41D1B1CCBC31}.Release|x86.Build.0 = Release|Any CPU
		{89ACD2CD-7306-4937-8D5F-7D7589B8DBB7}.Debug|Any CPU.ActiveCfg = Debug|Any CPU
		{89ACD2CD-7306-4937-8D5F-7D7589B8DBB7}.Debug|Any CPU.Build.0 = Debug|Any CPU
		{89ACD2CD-7306-4937-8D5F-7D7589B8DBB7}.Debug|x64.ActiveCfg = Debug|Any CPU
		{89ACD2CD-7306-4937-8D5F-7D7589B8DBB7}.Debug|x64.Build.0 = Debug|Any CPU
		{89ACD2CD-7306-4937-8D5F-7D7589B8DBB7}.Debug|x86.ActiveCfg = Debug|Any CPU
		{89ACD2CD-7306-4937-8D5F-7D7589B8DBB7}.Debug|x86.Build.0 = Debug|Any CPU
		{89ACD2CD-7306-4937-8D5F-7D7589B8DBB7}.Release|Any CPU.ActiveCfg = Release|Any CPU
		{89ACD2CD-7306-4937-8D5F-7D7589B8DBB7}.Release|Any CPU.Build.0 = Release|Any CPU
		{89ACD2CD-7306-4937-8D5F-7D7589B8DBB7}.Release|x64.ActiveCfg = Release|Any CPU
		{89ACD2CD-7306-4937-8D5F-7D7589B8DBB7}.Release|x64.Build.0 = Release|Any CPU
		{89ACD2CD-7306-4937-8D5F-7D7589B8DBB7}.Release|x86.ActiveCfg = Release|Any CPU
		{89ACD2CD-7306-4937-8D5F-7D7589B8DBB7}.Release|x86.Build.0 = Release|Any CPU
		{074155FE-EB96-4908-B100-ACDFCD7E1DA1}.Debug|Any CPU.ActiveCfg = Debug|Any CPU
		{074155FE-EB96-4908-B100-ACDFCD7E1DA1}.Debug|Any CPU.Build.0 = Debug|Any CPU
		{074155FE-EB96-4908-B100-ACDFCD7E1DA1}.Debug|x64.ActiveCfg = Debug|Any CPU
		{074155FE-EB96-4908-B100-ACDFCD7E1DA1}.Debug|x64.Build.0 = Debug|Any CPU
		{074155FE-EB96-4908-B100-ACDFCD7E1DA1}.Debug|x86.ActiveCfg = Debug|Any CPU
		{074155FE-EB96-4908-B100-ACDFCD7E1DA1}.Debug|x86.Build.0 = Debug|Any CPU
		{074155FE-EB96-4908-B100-ACDFCD7E1DA1}.Release|Any CPU.ActiveCfg = Release|Any CPU
		{074155FE-EB96-4908-B100-ACDFCD7E1DA1}.Release|Any CPU.Build.0 = Release|Any CPU
		{074155FE-EB96-4908-B100-ACDFCD7E1DA1}.Release|x64.ActiveCfg = Release|Any CPU
		{074155FE-EB96-4908-B100-ACDFCD7E1DA1}.Release|x64.Build.0 = Release|Any CPU
		{074155FE-EB96-4908-B100-ACDFCD7E1DA1}.Release|x86.ActiveCfg = Release|Any CPU
		{074155FE-EB96-4908-B100-ACDFCD7E1DA1}.Release|x86.Build.0 = Release|Any CPU
	EndGlobalSection
	GlobalSection(SolutionProperties) = preSolution
		HideSolutionNode = FALSE
	EndGlobalSection
	GlobalSection(ExtensibilityGlobals) = postSolution
		SolutionGuid = {01641BB9-E852-4719-9549-46ED83D6863D}
	EndGlobalSection
EndGlobal
