
Microsoft Visual Studio Solution File, Format Version 12.00
# Visual Studio Version 16
VisualStudioVersion = 16.0.30907.101
MinimumVisualStudioVersion = 10.0.40219.1
Project("{FAE04EC0-301F-11D3-BF4B-00C04F79EFBC}") = "API_LancamentoHoras", "API_LancamentoHoras\API_LancamentoHoras.csproj", "{1F5D0A54-44C8-4B33-9C84-101CCB59FEFD}"
EndProject
Global
	GlobalSection(SolutionConfigurationPlatforms) = preSolution
		Debug|Any CPU = Debug|Any CPU
		Release|Any CPU = Release|Any CPU
	EndGlobalSection
	GlobalSection(ProjectConfigurationPlatforms) = postSolution
		{1F5D0A54-44C8-4B33-9C84-101CCB59FEFD}.Debug|Any CPU.ActiveCfg = Debug|Any CPU
		{1F5D0A54-44C8-4B33-9C84-101CCB59FEFD}.Debug|Any CPU.Build.0 = Debug|Any CPU
		{1F5D0A54-44C8-4B33-9C84-101CCB59FEFD}.Release|Any CPU.ActiveCfg = Release|Any CPU
		{1F5D0A54-44C8-4B33-9C84-101CCB59FEFD}.Release|Any CPU.Build.0 = Release|Any CPU
	EndGlobalSection
	GlobalSection(SolutionProperties) = preSolution
		HideSolutionNode = FALSE
	EndGlobalSection
	GlobalSection(ExtensibilityGlobals) = postSolution
		SolutionGuid = {556F0833-F09F-488C-A5A3-91FC9BD3D55C}
	EndGlobalSection
EndGlobal
