
Microsoft Visual Studio Solution File, Format Version 12.00
# Visual Studio 15
VisualStudioVersion = 15.0.26124.0
MinimumVisualStudioVersion = 15.0.26124.0
Project("{FAE04EC0-301F-11D3-BF4B-00C04F79EFBC}") = "Aplicacao", "Apihorasdesenvolvedor.Aplicacao\Aplicacao.csproj", "{696C74BC-A365-4E4D-9B7C-FD39C7AC6079}"
EndProject
Project("{FAE04EC0-301F-11D3-BF4B-00C04F79EFBC}") = "Dominio", "Apihorasdesenvolvedor.Dominio\Dominio.csproj", "{28B99C8E-FDC6-4648-B051-DA1C83DC6425}"
EndProject
Project("{FAE04EC0-301F-11D3-BF4B-00C04F79EFBC}") = "CamadaPareada", "Apihorasdesenvolvedor.CamadaPareada\CamadaPareada.csproj", "{34D16363-E49B-4F61-A50B-D43B1C0003E5}"
EndProject
Project("{FAE04EC0-301F-11D3-BF4B-00C04F79EFBC}") = "Dados", "Apihorasdesenvolvedor.Dados\Dados.csproj", "{E0529B93-A876-429E-98A6-AE1F2383F642}"
EndProject
Project("{FAE04EC0-301F-11D3-BF4B-00C04F79EFBC}") = "Servico", "Apihorasdesenvolvedor.Servico\Servico.csproj", "{EFD90178-7641-46B6-9468-8FA6C122001C}"
EndProject
Global
	GlobalSection(SolutionConfigurationPlatforms) = preSolution
		Debug|Any CPU = Debug|Any CPU
		Debug|x64 = Debug|x64
		Debug|x86 = Debug|x86
		Release|Any CPU = Release|Any CPU
		Release|x64 = Release|x64
		Release|x86 = Release|x86
	EndGlobalSection
	GlobalSection(SolutionProperties) = preSolution
		HideSolutionNode = FALSE
	EndGlobalSection
	GlobalSection(ProjectConfigurationPlatforms) = postSolution
		{696C74BC-A365-4E4D-9B7C-FD39C7AC6079}.Debug|Any CPU.ActiveCfg = Debug|Any CPU
		{696C74BC-A365-4E4D-9B7C-FD39C7AC6079}.Debug|Any CPU.Build.0 = Debug|Any CPU
		{696C74BC-A365-4E4D-9B7C-FD39C7AC6079}.Debug|x64.ActiveCfg = Debug|Any CPU
		{696C74BC-A365-4E4D-9B7C-FD39C7AC6079}.Debug|x64.Build.0 = Debug|Any CPU
		{696C74BC-A365-4E4D-9B7C-FD39C7AC6079}.Debug|x86.ActiveCfg = Debug|Any CPU
		{696C74BC-A365-4E4D-9B7C-FD39C7AC6079}.Debug|x86.Build.0 = Debug|Any CPU
		{696C74BC-A365-4E4D-9B7C-FD39C7AC6079}.Release|Any CPU.ActiveCfg = Release|Any CPU
		{696C74BC-A365-4E4D-9B7C-FD39C7AC6079}.Release|Any CPU.Build.0 = Release|Any CPU
		{696C74BC-A365-4E4D-9B7C-FD39C7AC6079}.Release|x64.ActiveCfg = Release|Any CPU
		{696C74BC-A365-4E4D-9B7C-FD39C7AC6079}.Release|x64.Build.0 = Release|Any CPU
		{696C74BC-A365-4E4D-9B7C-FD39C7AC6079}.Release|x86.ActiveCfg = Release|Any CPU
		{696C74BC-A365-4E4D-9B7C-FD39C7AC6079}.Release|x86.Build.0 = Release|Any CPU
		{28B99C8E-FDC6-4648-B051-DA1C83DC6425}.Debug|Any CPU.ActiveCfg = Debug|Any CPU
		{28B99C8E-FDC6-4648-B051-DA1C83DC6425}.Debug|Any CPU.Build.0 = Debug|Any CPU
		{28B99C8E-FDC6-4648-B051-DA1C83DC6425}.Debug|x64.ActiveCfg = Debug|Any CPU
		{28B99C8E-FDC6-4648-B051-DA1C83DC6425}.Debug|x64.Build.0 = Debug|Any CPU
		{28B99C8E-FDC6-4648-B051-DA1C83DC6425}.Debug|x86.ActiveCfg = Debug|Any CPU
		{28B99C8E-FDC6-4648-B051-DA1C83DC6425}.Debug|x86.Build.0 = Debug|Any CPU
		{28B99C8E-FDC6-4648-B051-DA1C83DC6425}.Release|Any CPU.ActiveCfg = Release|Any CPU
		{28B99C8E-FDC6-4648-B051-DA1C83DC6425}.Release|Any CPU.Build.0 = Release|Any CPU
		{28B99C8E-FDC6-4648-B051-DA1C83DC6425}.Release|x64.ActiveCfg = Release|Any CPU
		{28B99C8E-FDC6-4648-B051-DA1C83DC6425}.Release|x64.Build.0 = Release|Any CPU
		{28B99C8E-FDC6-4648-B051-DA1C83DC6425}.Release|x86.ActiveCfg = Release|Any CPU
		{28B99C8E-FDC6-4648-B051-DA1C83DC6425}.Release|x86.Build.0 = Release|Any CPU
		{34D16363-E49B-4F61-A50B-D43B1C0003E5}.Debug|Any CPU.ActiveCfg = Debug|Any CPU
		{34D16363-E49B-4F61-A50B-D43B1C0003E5}.Debug|Any CPU.Build.0 = Debug|Any CPU
		{34D16363-E49B-4F61-A50B-D43B1C0003E5}.Debug|x64.ActiveCfg = Debug|Any CPU
		{34D16363-E49B-4F61-A50B-D43B1C0003E5}.Debug|x64.Build.0 = Debug|Any CPU
		{34D16363-E49B-4F61-A50B-D43B1C0003E5}.Debug|x86.ActiveCfg = Debug|Any CPU
		{34D16363-E49B-4F61-A50B-D43B1C0003E5}.Debug|x86.Build.0 = Debug|Any CPU
		{34D16363-E49B-4F61-A50B-D43B1C0003E5}.Release|Any CPU.ActiveCfg = Release|Any CPU
		{34D16363-E49B-4F61-A50B-D43B1C0003E5}.Release|Any CPU.Build.0 = Release|Any CPU
		{34D16363-E49B-4F61-A50B-D43B1C0003E5}.Release|x64.ActiveCfg = Release|Any CPU
		{34D16363-E49B-4F61-A50B-D43B1C0003E5}.Release|x64.Build.0 = Release|Any CPU
		{34D16363-E49B-4F61-A50B-D43B1C0003E5}.Release|x86.ActiveCfg = Release|Any CPU
		{34D16363-E49B-4F61-A50B-D43B1C0003E5}.Release|x86.Build.0 = Release|Any CPU
		{E0529B93-A876-429E-98A6-AE1F2383F642}.Debug|Any CPU.ActiveCfg = Debug|Any CPU
		{E0529B93-A876-429E-98A6-AE1F2383F642}.Debug|Any CPU.Build.0 = Debug|Any CPU
		{E0529B93-A876-429E-98A6-AE1F2383F642}.Debug|x64.ActiveCfg = Debug|Any CPU
		{E0529B93-A876-429E-98A6-AE1F2383F642}.Debug|x64.Build.0 = Debug|Any CPU
		{E0529B93-A876-429E-98A6-AE1F2383F642}.Debug|x86.ActiveCfg = Debug|Any CPU
		{E0529B93-A876-429E-98A6-AE1F2383F642}.Debug|x86.Build.0 = Debug|Any CPU
		{E0529B93-A876-429E-98A6-AE1F2383F642}.Release|Any CPU.ActiveCfg = Release|Any CPU
		{E0529B93-A876-429E-98A6-AE1F2383F642}.Release|Any CPU.Build.0 = Release|Any CPU
		{E0529B93-A876-429E-98A6-AE1F2383F642}.Release|x64.ActiveCfg = Release|Any CPU
		{E0529B93-A876-429E-98A6-AE1F2383F642}.Release|x64.Build.0 = Release|Any CPU
		{E0529B93-A876-429E-98A6-AE1F2383F642}.Release|x86.ActiveCfg = Release|Any CPU
		{E0529B93-A876-429E-98A6-AE1F2383F642}.Release|x86.Build.0 = Release|Any CPU
		{EFD90178-7641-46B6-9468-8FA6C122001C}.Debug|Any CPU.ActiveCfg = Debug|Any CPU
		{EFD90178-7641-46B6-9468-8FA6C122001C}.Debug|Any CPU.Build.0 = Debug|Any CPU
		{EFD90178-7641-46B6-9468-8FA6C122001C}.Debug|x64.ActiveCfg = Debug|Any CPU
		{EFD90178-7641-46B6-9468-8FA6C122001C}.Debug|x64.Build.0 = Debug|Any CPU
		{EFD90178-7641-46B6-9468-8FA6C122001C}.Debug|x86.ActiveCfg = Debug|Any CPU
		{EFD90178-7641-46B6-9468-8FA6C122001C}.Debug|x86.Build.0 = Debug|Any CPU
		{EFD90178-7641-46B6-9468-8FA6C122001C}.Release|Any CPU.ActiveCfg = Release|Any CPU
		{EFD90178-7641-46B6-9468-8FA6C122001C}.Release|Any CPU.Build.0 = Release|Any CPU
		{EFD90178-7641-46B6-9468-8FA6C122001C}.Release|x64.ActiveCfg = Release|Any CPU
		{EFD90178-7641-46B6-9468-8FA6C122001C}.Release|x64.Build.0 = Release|Any CPU
		{EFD90178-7641-46B6-9468-8FA6C122001C}.Release|x86.ActiveCfg = Release|Any CPU
		{EFD90178-7641-46B6-9468-8FA6C122001C}.Release|x86.Build.0 = Release|Any CPU
	EndGlobalSection
EndGlobal
